
Microsoft Visual Studio Solution File, Format Version 12.00
# Visual Studio Version 16
VisualStudioVersion = 16.0.30804.86
MinimumVisualStudioVersion = 10.0.40219.1
Project("{9A19103F-16F7-4668-BE54-9A1E7A4F7556}") = "DinoManager_Blazor", "DinoManager_Blazor.csproj", "{8491803D-E627-4FE6-8B2A-04A297C7E8D0}"
EndProject
Project("{9A19103F-16F7-4668-BE54-9A1E7A4F7556}") = "DataLibrary", "..\DataLibrary\DataLibrary.csproj", "{1C1037F0-CBF0-4C5F-BF36-42031A08EBDB}"
EndProject
Global
	GlobalSection(SolutionConfigurationPlatforms) = preSolution
		Debug|Any CPU = Debug|Any CPU
		Release|Any CPU = Release|Any CPU
	EndGlobalSection
	GlobalSection(ProjectConfigurationPlatforms) = postSolution
		{8491803D-E627-4FE6-8B2A-04A297C7E8D0}.Debug|Any CPU.ActiveCfg = Debug|Any CPU
		{8491803D-E627-4FE6-8B2A-04A297C7E8D0}.Debug|Any CPU.Build.0 = Debug|Any CPU
		{8491803D-E627-4FE6-8B2A-04A297C7E8D0}.Release|Any CPU.ActiveCfg = Release|Any CPU
		{8491803D-E627-4FE6-8B2A-04A297C7E8D0}.Release|Any CPU.Build.0 = Release|Any CPU
		{1C1037F0-CBF0-4C5F-BF36-42031A08EBDB}.Debug|Any CPU.ActiveCfg = Debug|Any CPU
		{1C1037F0-CBF0-4C5F-BF36-42031A08EBDB}.Debug|Any CPU.Build.0 = Debug|Any CPU
		{1C1037F0-CBF0-4C5F-BF36-42031A08EBDB}.Release|Any CPU.ActiveCfg = Release|Any CPU
		{1C1037F0-CBF0-4C5F-BF36-42031A08EBDB}.Release|Any CPU.Build.0 = Release|Any CPU
	EndGlobalSection
	GlobalSection(SolutionProperties) = preSolution
		HideSolutionNode = FALSE
	EndGlobalSection
	GlobalSection(ExtensibilityGlobals) = postSolution
		SolutionGuid = {ED45CA55-948E-4F85-9B0D-7EED084BA384}
	EndGlobalSection
EndGlobal
